{
  "name": "Log_in_modal",
  "lockfileVersion": 2,
  "requires": true,
  "packages": {
    "": {
      "devDependencies": {
        "stylelintrc": "^1.0.8"
      }
    },
    "node_modules/stylelintrc": {
      "version": "1.0.8",
      "resolved": "https://registry.npmjs.org/stylelintrc/-/stylelintrc-1.0.8.tgz",
      "integrity": "sha512-7dVT4h0PdP32KBp8pdno8uz1CoHe5YfE43EBT0b3aBuNBOg0I3l0rzeX89LjGgQsELtUvFMXZ2zj2qf6xiumrg==",
      "dev": true
    }
  },
  "dependencies": {
    "stylelintrc": {
      "version": "1.0.8",
      "resolved": "https://registry.npmjs.org/stylelintrc/-/stylelintrc-1.0.8.tgz",
      "integrity": "sha512-7dVT4h0PdP32KBp8pdno8uz1CoHe5YfE43EBT0b3aBuNBOg0I3l0rzeX89LjGgQsELtUvFMXZ2zj2qf6xiumrg==",
      "dev": true
    }
  }
}
